
Microsoft Visual Studio Solution File, Format Version 12.00
# Visual Studio Version 17
VisualStudioVersion = 17.8.34330.188
MinimumVisualStudioVersion = 10.0.40219.1
Project("{FAE04EC0-301F-11D3-BF4B-00C04F79EFBC}") = "Shop.App.Server", "Shop.App.Server\Shop.App.Server.csproj", "{C32C430E-FF90-4E40-B8FF-5673B73055AF}"
EndProject
Project("{54A90642-561A-4BB1-A94E-469ADEE60C69}") = "shop.app.client", "shop.app.client\shop.app.client.esproj", "{E548695D-768A-4F86-9C4B-1A9741DF4832}"
EndProject
Global
	GlobalSection(SolutionConfigurationPlatforms) = preSolution
		Debug|Any CPU = Debug|Any CPU
		Release|Any CPU = Release|Any CPU
	EndGlobalSection
	GlobalSection(ProjectConfigurationPlatforms) = postSolution
		{C32C430E-FF90-4E40-B8FF-5673B73055AF}.Debug|Any CPU.ActiveCfg = Debug|Any CPU
		{C32C430E-FF90-4E40-B8FF-5673B73055AF}.Debug|Any CPU.Build.0 = Debug|Any CPU
		{C32C430E-FF90-4E40-B8FF-5673B73055AF}.Release|Any CPU.ActiveCfg = Release|Any CPU
		{C32C430E-FF90-4E40-B8FF-5673B73055AF}.Release|Any CPU.Build.0 = Release|Any CPU
		{E548695D-768A-4F86-9C4B-1A9741DF4832}.Debug|Any CPU.ActiveCfg = Debug|Any CPU
		{E548695D-768A-4F86-9C4B-1A9741DF4832}.Debug|Any CPU.Build.0 = Debug|Any CPU
		{E548695D-768A-4F86-9C4B-1A9741DF4832}.Debug|Any CPU.Deploy.0 = Debug|Any CPU
		{E548695D-768A-4F86-9C4B-1A9741DF4832}.Release|Any CPU.ActiveCfg = Release|Any CPU
		{E548695D-768A-4F86-9C4B-1A9741DF4832}.Release|Any CPU.Build.0 = Release|Any CPU
		{E548695D-768A-4F86-9C4B-1A9741DF4832}.Release|Any CPU.Deploy.0 = Release|Any CPU
	EndGlobalSection
	GlobalSection(SolutionProperties) = preSolution
		HideSolutionNode = FALSE
	EndGlobalSection
	GlobalSection(ExtensibilityGlobals) = postSolution
		SolutionGuid = {BC7B2174-D057-47DF-926A-5622E6BDA5C7}
	EndGlobalSection
EndGlobal
